
Microsoft Visual Studio Solution File, Format Version 12.00
Project("{2150E333-8FDC-42A3-9474-1A3956D46DE8}") = "ProjectData", "ProjectData", "{6BD2ABFA-0484-4B3D-BA3D-C261B82EE83A}"
	ProjectSection(SolutionItems) = preProject
		LICENSE = LICENSE
		README.md = README.md
	EndProjectSection
EndProject
Project("{FAE04EC0-301F-11D3-BF4B-00C04F79EFBC}") = "Dispatch", "src\Dispatch\Dispatch.csproj", "{594BE40C-AC26-424D-AA0C-B2C03D8B8F34}"
EndProject
Project("{FAE04EC0-301F-11D3-BF4B-00C04F79EFBC}") = "Dispatch.Tests", "src\Dispatch.Tests\Dispatch.Tests.csproj", "{C76AEB66-32AB-4233-BB48-0C61AAEA7D44}"
EndProject
Global
	GlobalSection(SolutionConfigurationPlatforms) = preSolution
		Debug|Any CPU = Debug|Any CPU
		Debug|x64 = Debug|x64
		Debug|x86 = Debug|x86
		Release|Any CPU = Release|Any CPU
		Release|x64 = Release|x64
		Release|x86 = Release|x86
	EndGlobalSection
	GlobalSection(ProjectConfigurationPlatforms) = postSolution
		{594BE40C-AC26-424D-AA0C-B2C03D8B8F34}.Debug|Any CPU.ActiveCfg = Debug|Any CPU
		{594BE40C-AC26-424D-AA0C-B2C03D8B8F34}.Debug|Any CPU.Build.0 = Debug|Any CPU
		{594BE40C-AC26-424D-AA0C-B2C03D8B8F34}.Debug|x64.ActiveCfg = Debug|Any CPU
		{594BE40C-AC26-424D-AA0C-B2C03D8B8F34}.Debug|x64.Build.0 = Debug|Any CPU
		{594BE40C-AC26-424D-AA0C-B2C03D8B8F34}.Debug|x86.ActiveCfg = Debug|Any CPU
		{594BE40C-AC26-424D-AA0C-B2C03D8B8F34}.Debug|x86.Build.0 = Debug|Any CPU
		{594BE40C-AC26-424D-AA0C-B2C03D8B8F34}.Release|Any CPU.ActiveCfg = Release|Any CPU
		{594BE40C-AC26-424D-AA0C-B2C03D8B8F34}.Release|Any CPU.Build.0 = Release|Any CPU
		{594BE40C-AC26-424D-AA0C-B2C03D8B8F34}.Release|x64.ActiveCfg = Release|Any CPU
		{594BE40C-AC26-424D-AA0C-B2C03D8B8F34}.Release|x64.Build.0 = Release|Any CPU
		{594BE40C-AC26-424D-AA0C-B2C03D8B8F34}.Release|x86.ActiveCfg = Release|Any CPU
		{594BE40C-AC26-424D-AA0C-B2C03D8B8F34}.Release|x86.Build.0 = Release|Any CPU
		{C76AEB66-32AB-4233-BB48-0C61AAEA7D44}.Debug|Any CPU.ActiveCfg = Debug|Any CPU
		{C76AEB66-32AB-4233-BB48-0C61AAEA7D44}.Debug|Any CPU.Build.0 = Debug|Any CPU
		{C76AEB66-32AB-4233-BB48-0C61AAEA7D44}.Debug|x64.ActiveCfg = Debug|Any CPU
		{C76AEB66-32AB-4233-BB48-0C61AAEA7D44}.Debug|x64.Build.0 = Debug|Any CPU
		{C76AEB66-32AB-4233-BB48-0C61AAEA7D44}.Debug|x86.ActiveCfg = Debug|Any CPU
		{C76AEB66-32AB-4233-BB48-0C61AAEA7D44}.Debug|x86.Build.0 = Debug|Any CPU
		{C76AEB66-32AB-4233-BB48-0C61AAEA7D44}.Release|Any CPU.ActiveCfg = Release|Any CPU
		{C76AEB66-32AB-4233-BB48-0C61AAEA7D44}.Release|Any CPU.Build.0 = Release|Any CPU
		{C76AEB66-32AB-4233-BB48-0C61AAEA7D44}.Release|x64.ActiveCfg = Release|Any CPU
		{C76AEB66-32AB-4233-BB48-0C61AAEA7D44}.Release|x64.Build.0 = Release|Any CPU
		{C76AEB66-32AB-4233-BB48-0C61AAEA7D44}.Release|x86.ActiveCfg = Release|Any CPU
		{C76AEB66-32AB-4233-BB48-0C61AAEA7D44}.Release|x86.Build.0 = Release|Any CPU
	EndGlobalSection
	GlobalSection(SolutionProperties) = preSolution
		HideSolutionNode = FALSE
	EndGlobalSection
EndGlobal
