<Solution>
  <Configurations>
    <Platform Name="Any CPU" />
    <Platform Name="x64" />
    <Platform Name="x86" />
  </Configurations>
  <Folder Name="/ProjectData/">
    <File Path="LICENSE" />
    <File Path="README.md" />
  </Folder>
  <Project Path="src/Dispatch.Tests/Dispatch.Tests.csproj" />
  <Project Path="src/Dispatch/Dispatch.csproj" />
</Solution>
